// !$*UTF8*$!
{
	archiveVersion = 1;
	classes = {
	};
	objectVersion = 46;
	objects = {

/* Begin PBXBuildFile section */
		63A8355D1D54876D00AD3EB8 /* aes.c in Sources */ = {isa = PBXBuildFile; fileRef = 63A8355A1D54876D00AD3EB8 /* aes.c */; };
		63A8355E1D54876D00AD3EB8 /* test.c in Sources */ = {isa = PBXBuildFile; fileRef = 63A8355C1D54876D00AD3EB8 /* test.c */; };
		63DB917B1D5B01B800868912 /* encrypt.c in Sources */ = {isa = PBXBuildFile; fileRef = 63DB91791D5B01B800868912 /* encrypt.c */; };
/* End PBXBuildFile section */

/* Begin PBXCopyFilesBuildPhase section */
		63A8354E1D54875E00AD3EB8 /* CopyFiles */ = {
			isa = PBXCopyFilesBuildPhase;
			buildActionMask = 2147483647;
			dstPath = /usr/share/man/man1/;
			dstSubfolderSpec = 0;
			files = (
			);
			runOnlyForDeploymentPostprocessing = 1;
		};
/* End PBXCopyFilesBuildPhase section */

/* Begin PBXFileReference section */
		63A835501D54875E00AD3EB8 /* aes_test */ = {isa = PBXFileReference; explicitFileType = "compiled.mach-o.executable"; includeInIndex = 0; path = aes_test; sourceTree = BUILT_PRODUCTS_DIR; };
		63A8355A1D54876D00AD3EB8 /* aes.c */ = {isa = PBXFileReference; fileEncoding = 4; lastKnownFileType = sourcecode.c.c; path = aes.c; sourceTree = "<group>"; };
		63A8355B1D54876D00AD3EB8 /* aes.h */ = {isa = PBXFileReference; fileEncoding = 4; lastKnownFileType = sourcecode.c.h; path = aes.h; sourceTree = "<group>"; };
		63A8355C1D54876D00AD3EB8 /* test.c */ = {isa = PBXFileReference; fileEncoding = 4; lastKnownFileType = sourcecode.c.c; path = test.c; sourceTree = "<group>"; };
		63DB91791D5B01B800868912 /* encrypt.c */ = {isa = PBXFileReference; fileEncoding = 4; lastKnownFileType = sourcecode.c.c; path = encrypt.c; sourceTree = "<group>"; };
		63DB917A1D5B01B800868912 /* encrypt.h */ = {isa = PBXFileReference; fileEncoding = 4; lastKnownFileType = sourcecode.c.h; path = encrypt.h; sourceTree = "<group>"; };
/* End PBXFileReference section */

/* Begin PBXFrameworksBuildPhase section */
		63A8354D1D54875E00AD3EB8 /* Frameworks */ = {
			isa = PBXFrameworksBuildPhase;
			buildActionMask = 2147483647;
			files = (
			);
			runOnlyForDeploymentPostprocessing = 0;
		};
/* End PBXFrameworksBuildPhase section */

/* Begin PBXGroup section */
		63A835471D54875E00AD3EB8 = {
			isa = PBXGroup;
			children = (
				63A835521D54875E00AD3EB8 /* aes_test */,
				63A835511D54875E00AD3EB8 /* Products */,
			);
			sourceTree = "<group>";
		};
		63A835511D54875E00AD3EB8 /* Products */ = {
			isa = PBXGroup;
			children = (
				63A835501D54875E00AD3EB8 /* aes_test */,
			);
			name = Products;
			sourceTree = "<group>";
		};
		63A835521D54875E00AD3EB8 /* aes_test */ = {
			isa = PBXGroup;
			children = (
				63A8355A1D54876D00AD3EB8 /* aes.c */,
				63A8355B1D54876D00AD3EB8 /* aes.h */,
				63A8355C1D54876D00AD3EB8 /* test.c */,
				63DB91791D5B01B800868912 /* encrypt.c */,
				63DB917A1D5B01B800868912 /* encrypt.h */,
			);
			path = aes_test;
			sourceTree = "<group>";
		};
/* End PBXGroup section */

/* Begin PBXNativeTarget section */
		63A8354F1D54875E00AD3EB8 /* aes_test */ = {
			isa = PBXNativeTarget;
			buildConfigurationList = 63A835571D54875F00AD3EB8 /* Build configuration list for PBXNativeTarget "aes_test" */;
			buildPhases = (
				63A8354C1D54875E00AD3EB8 /* Sources */,
				63A8354D1D54875E00AD3EB8 /* Frameworks */,
				63A8354E1D54875E00AD3EB8 /* CopyFiles */,
			);
			buildRules = (
			);
			dependencies = (
			);
			name = aes_test;
			productName = aes_test;
			productReference = 63A835501D54875E00AD3EB8 /* aes_test */;
			productType = "com.apple.product-type.tool";
		};
/* End PBXNativeTarget section */

/* Begin PBXProject section */
		63A835481D54875E00AD3EB8 /* Project object */ = {
			isa = PBXProject;
			attributes = {
				LastUpgradeCheck = 0730;
				ORGANIZATIONNAME = david;
				TargetAttributes = {
					63A8354F1D54875E00AD3EB8 = {
						CreatedOnToolsVersion = 7.3.1;
					};
				};
			};
			buildConfigurationList = 63A8354B1D54875E00AD3EB8 /* Build configuration list for PBXProject "aes_test" */;
			compatibilityVersion = "Xcode 3.2";
			developmentRegion = English;
			hasScannedForEncodings = 0;
			knownRegions = (
				en,
			);
			mainGroup = 63A835471D54875E00AD3EB8;
			productRefGroup = 63A835511D54875E00AD3EB8 /* Products */;
			projectDirPath = "";
			projectRoot = "";
			targets = (
				63A8354F1D54875E00AD3EB8 /* aes_test */,
			);
		};
/* End PBXProject section */

/* Begin PBXSourcesBuildPhase section */
		63A8354C1D54875E00AD3EB8 /* Sources */ = {
			isa = PBXSourcesBuildPhase;
			buildActionMask = 2147483647;
			files = (
				63A8355E1D54876D00AD3EB8 /* test.c in Sources */,
				63A8355D1D54876D00AD3EB8 /* aes.c in Sources */,
				63DB917B1D5B01B800868912 /* encrypt.c in Sources */,
			);
			runOnlyForDeploymentPostprocessing = 0;
		};
/* End PBXSourcesBuildPhase section */

/* Begin XCBuildConfiguration section */
		63A835551D54875F00AD3EB8 /* Debug */ = {
			isa = XCBuildConfiguration;
			buildSettings = {
				ALWAYS_SEARCH_USER_PATHS = NO;
				CLANG_ANALYZER_NONNULL = YES;
				CLANG_CXX_LANGUAGE_STANDARD = "gnu++0x";
				CLANG_CXX_LIBRARY = "libc++";
				CLANG_ENABLE_MODULES = YES;
				CLANG_ENABLE_OBJC_ARC = YES;
				CLANG_WARN_BOOL_CONVERSION = YES;
				CLANG_WARN_CONSTANT_CONVERSION = YES;
				CLANG_WARN_DIRECT_OBJC_ISA_USAGE = YES_ERROR;
				CLANG_WARN_EMPTY_BODY = YES;
				CLANG_WARN_ENUM_CONVERSION = YES;
				CLANG_WARN_INT_CONVERSION = YES;
				CLANG_WARN_OBJC_ROOT_CLASS = YES_ERROR;
				CLANG_WARN_UNREACHABLE_CODE = YES;
				CLANG_WARN__DUPLICATE_METHOD_MATCH = YES;
				CODE_SIGN_IDENTITY = "-";
				COPY_PHASE_STRIP = NO;
				DEBUG_INFORMATION_FORMAT = dwarf;
				ENABLE_STRICT_OBJC_MSGSEND = YES;
				ENABLE_TESTABILITY = YES;
				GCC_C_LANGUAGE_STANDARD = gnu99;
				GCC_DYNAMIC_NO_PIC = NO;
				GCC_NO_COMMON_BLOCKS = YES;
				GCC_OPTIMIZATION_LEVEL = 0;
				GCC_PREPROCESSOR_DEFINITIONS = (
					"DEBUG=1",
					"$(inherited)",
				);
				GCC_WARN_64_TO_32_BIT_CONVERSION = YES;
				GCC_WARN_ABOUT_RETURN_TYPE = YES_ERROR;
				GCC_WARN_UNDECLARED_SELECTOR = YES;
				GCC_WARN_UNINITIALIZED_AUTOS = YES_AGGRESSIVE;
				GCC_WARN_UNUSED_FUNCTION = YES;
				GCC_WARN_UNUSED_VARIABLE = YES;
				MACOSX_DEPLOYMENT_TARGET = 10.11;
				MTL_ENABLE_DEBUG_INFO = YES;
				ONLY_ACTIVE_ARCH = YES;
				SDKROOT = macosx;
			};
			name = Debug;
		};
		63A835561D54875F00AD3EB8 /* Release */ = {
			isa = XCBuildConfiguration;
			buildSettings = {
				ALWAYS_SEARCH_USER_PATHS = NO;
				CLANG_ANALYZER_NONNULL = YES;
				CLANG_CXX_LANGUAGE_STANDARD = "gnu++0x";
				CLANG_CXX_LIBRARY = "libc++";
				CLANG_ENABLE_MODULES = YES;
				CLANG_ENABLE_OBJC_ARC = YES;
				CLANG_WARN_BOOL_CONVERSION = YES;
				CLANG_WARN_CONSTANT_CONVERSION = YES;
				CLANG_WARN_DIRECT_OBJC_ISA_USAGE = YES_ERROR;
				CLANG_WARN_EMPTY_BODY = YES;
				CLANG_WARN_ENUM_CONVERSION = YES;
				CLANG_WARN_INT_CONVERSION = YES;
				CLANG_WARN_OBJC_ROOT_CLASS = YES_ERROR;
				CLANG_WARN_UNREACHABLE_CODE = YES;
				CLANG_WARN__DUPLICATE_METHOD_MATCH = YES;
				CODE_SIGN_IDENTITY = "-";
				COPY_PHASE_STRIP = NO;
				DEBUG_INFORMATION_FORMAT = "dwarf-with-dsym";
				ENABLE_NS_ASSERTIONS = NO;
				ENABLE_STRICT_OBJC_MSGSEND = YES;
				GCC_C_LANGUAGE_STANDARD = gnu99;
				GCC_NO_COMMON_BLOCKS = YES;
				GCC_WARN_64_TO_32_BIT_CONVERSION = YES;
				GCC_WARN_ABOUT_RETURN_TYPE = YES_ERROR;
				GCC_WARN_UNDECLARED_SELECTOR = YES;
				GCC_WARN_UNINITIALIZED_AUTOS = YES_AGGRESSIVE;
				GCC_WARN_UNUSED_FUNCTION = YES;
				GCC_WARN_UNUSED_VARIABLE = YES;
				MACOSX_DEPLOYMENT_TARGET = 10.11;
				MTL_ENABLE_DEBUG_INFO = NO;
				SDKROOT = macosx;
			};
			name = Release;
		};
		63A835581D54875F00AD3EB8 /* Debug */ = {
			isa = XCBuildConfiguration;
			buildSettings = {
				PRODUCT_NAME = "$(TARGET_NAME)";
			};
			name = Debug;
		};
		63A835591D54875F00AD3EB8 /* Release */ = {
			isa = XCBuildConfiguration;
			buildSettings = {
				PRODUCT_NAME = "$(TARGET_NAME)";
			};
			name = Release;
		};
/* End XCBuildConfiguration section */

/* Begin XCConfigurationList section */
		63A8354B1D54875E00AD3EB8 /* Build configuration list for PBXProject "aes_test" */ = {
			isa = XCConfigurationList;
			buildConfigurations = (
				63A835551D54875F00AD3EB8 /* Debug */,
				63A835561D54875F00AD3EB8 /* Release */,
			);
			defaultConfigurationIsVisible = 0;
			defaultConfigurationName = Release;
		};
		63A835571D54875F00AD3EB8 /* Build configuration list for PBXNativeTarget "aes_test" */ = {
			isa = XCConfigurationList;
			buildConfigurations = (
				63A835581D54875F00AD3EB8 /* Debug */,
				63A835591D54875F00AD3EB8 /* Release */,
			);
			defaultConfigurationIsVisible = 0;
			defaultConfigurationName = Release;
		};
/* End XCConfigurationList section */
	};
	rootObject = 63A835481D54875E00AD3EB8 /* Project object */;
}
